{
  "name": "viewyourpayments.web",
  "version": "1.0.0",
  "lockfileVersion": 1,
  "requires": true,
  "dependencies": {
    "fastsearch": {
      "version": "1.11.1",
      "resolved": "https://registry.npmjs.org/fastsearch/-/fastsearch-1.11.1.tgz",
      "integrity": "sha1-Kus+n26e8OLty+gJhBv0JD/vbfE=",
      "requires": {
        "jquery": ">=1.7"
      }
    },
    "fastselect": {
      "version": "0.7.3",
      "resolved": "https://registry.npmjs.org/fastselect/-/fastselect-0.7.3.tgz",
      "integrity": "sha1-sUNBFu0EVe+diB9kZnnepssUb6c=",
      "requires": {
        "fastsearch": "^1.11.1",
        "jquery": ">=1.7"
      }
    },
    "govuk-frontend": {
      "version": "3.4.0",
      "resolved": "https://registry.npmjs.org/govuk-frontend/-/govuk-frontend-3.4.0.tgz",
      "integrity": "sha512-rmYPtcCtWgz92QBejYwOnfSxbPGYfvSruLwB4CBk/yJtySHRY0whG1e2/iFRRSj0pMx1Bu+zh/IqCTo+84hbFw=="
    },
    "jquery": {
      "version": "3.6.0",
      "resolved": "https://registry.npmjs.org/jquery/-/jquery-3.6.0.tgz",
      "integrity": "sha512-JVzAR/AjBvVt2BmYhxRCSYysDsPcssdmTFnzyLEts9qNwmjmu4JTAMYubEfwVOSwpQ1I1sKKFcxhZCI2buerfw=="
    }
  }
}